
Microsoft Visual Studio Solution File, Format Version 12.00
# Visual Studio Version 17
VisualStudioVersion = 17.0.32014.148
MinimumVisualStudioVersion = 10.0.40219.1
Project("{FAE04EC0-301F-11D3-BF4B-00C04F79EFBC}") = "01_FileStorage", "01_FileStorage\01_FileStorage.csproj", "{D42DA43F-1C91-44F7-998D-F8ADB4CD34DB}"
EndProject
Project("{FAE04EC0-301F-11D3-BF4B-00C04F79EFBC}") = "02_SqlStorage", "02_SqlStorage\02_SqlStorage.csproj", "{8F8154C0-508C-454F-A148-E755776FB19C}"
EndProject
Project("{FAE04EC0-301F-11D3-BF4B-00C04F79EFBC}") = "03_EntityFrameworkCore", "03_EntityFrameworkCore\03_EntityFrameworkCore.csproj", "{0CC9ADD6-0842-41FC-A15B-E00A933A7CC1}"
EndProject
Project("{FAE04EC0-301F-11D3-BF4B-00C04F79EFBC}") = "04_NoSql", "04_NoSql\04_NoSql.csproj", "{C3E61559-E04A-4778-89C7-829467665E49}"
EndProject
Global
	GlobalSection(SolutionConfigurationPlatforms) = preSolution
		Debug|Any CPU = Debug|Any CPU
		Release|Any CPU = Release|Any CPU
	EndGlobalSection
	GlobalSection(ProjectConfigurationPlatforms) = postSolution
		{D42DA43F-1C91-44F7-998D-F8ADB4CD34DB}.Debug|Any CPU.ActiveCfg = Debug|Any CPU
		{D42DA43F-1C91-44F7-998D-F8ADB4CD34DB}.Debug|Any CPU.Build.0 = Debug|Any CPU
		{D42DA43F-1C91-44F7-998D-F8ADB4CD34DB}.Release|Any CPU.ActiveCfg = Release|Any CPU
		{D42DA43F-1C91-44F7-998D-F8ADB4CD34DB}.Release|Any CPU.Build.0 = Release|Any CPU
		{8F8154C0-508C-454F-A148-E755776FB19C}.Debug|Any CPU.ActiveCfg = Debug|Any CPU
		{8F8154C0-508C-454F-A148-E755776FB19C}.Debug|Any CPU.Build.0 = Debug|Any CPU
		{8F8154C0-508C-454F-A148-E755776FB19C}.Release|Any CPU.ActiveCfg = Release|Any CPU
		{8F8154C0-508C-454F-A148-E755776FB19C}.Release|Any CPU.Build.0 = Release|Any CPU
		{0CC9ADD6-0842-41FC-A15B-E00A933A7CC1}.Debug|Any CPU.ActiveCfg = Debug|Any CPU
		{0CC9ADD6-0842-41FC-A15B-E00A933A7CC1}.Debug|Any CPU.Build.0 = Debug|Any CPU
		{0CC9ADD6-0842-41FC-A15B-E00A933A7CC1}.Release|Any CPU.ActiveCfg = Release|Any CPU
		{0CC9ADD6-0842-41FC-A15B-E00A933A7CC1}.Release|Any CPU.Build.0 = Release|Any CPU
		{C3E61559-E04A-4778-89C7-829467665E49}.Debug|Any CPU.ActiveCfg = Debug|Any CPU
		{C3E61559-E04A-4778-89C7-829467665E49}.Debug|Any CPU.Build.0 = Debug|Any CPU
		{C3E61559-E04A-4778-89C7-829467665E49}.Release|Any CPU.ActiveCfg = Release|Any CPU
		{C3E61559-E04A-4778-89C7-829467665E49}.Release|Any CPU.Build.0 = Release|Any CPU
	EndGlobalSection
	GlobalSection(SolutionProperties) = preSolution
		HideSolutionNode = FALSE
	EndGlobalSection
	GlobalSection(ExtensibilityGlobals) = postSolution
		SolutionGuid = {783BFDC2-C5EA-4578-91F8-33A1E977E45C}
	EndGlobalSection
EndGlobal
